
Microsoft Visual Studio Solution File, Format Version 12.00
# Visual Studio Version 16
VisualStudioVersion = 16.0.31911.196
MinimumVisualStudioVersion = 10.0.40219.1
Project("{FAE04EC0-301F-11D3-BF4B-00C04F79EFBC}") = "Hanoi", "Hanoi\Hanoi.csproj", "{B5DB3D8F-0683-4969-83AD-18B3E088CE8D}"
EndProject
Global
	GlobalSection(SolutionConfigurationPlatforms) = preSolution
		Debug|Any CPU = Debug|Any CPU
		Release|Any CPU = Release|Any CPU
	EndGlobalSection
	GlobalSection(ProjectConfigurationPlatforms) = postSolution
		{B5DB3D8F-0683-4969-83AD-18B3E088CE8D}.Debug|Any CPU.ActiveCfg = Debug|Any CPU
		{B5DB3D8F-0683-4969-83AD-18B3E088CE8D}.Debug|Any CPU.Build.0 = Debug|Any CPU
		{B5DB3D8F-0683-4969-83AD-18B3E088CE8D}.Release|Any CPU.ActiveCfg = Release|Any CPU
		{B5DB3D8F-0683-4969-83AD-18B3E088CE8D}.Release|Any CPU.Build.0 = Release|Any CPU
	EndGlobalSection
	GlobalSection(SolutionProperties) = preSolution
		HideSolutionNode = FALSE
	EndGlobalSection
	GlobalSection(ExtensibilityGlobals) = postSolution
		SolutionGuid = {84DA5694-2EF4-4955-BE39-36C254E56667}
	EndGlobalSection
EndGlobal
